
Microsoft Visual Studio Solution File, Format Version 12.00
# Visual Studio Version 16
VisualStudioVersion = 16.0.809.1
MinimumVisualStudioVersion = 10.0.40219.1
Project("{FAE04EC0-301F-11D3-BF4B-00C04F79EFBC}") = "Visitor", "Visitor.csproj", "{040A6A76-F4CD-467C-947E-99D8EDD21ECF}"
EndProject
Global
	GlobalSection(SolutionConfigurationPlatforms) = preSolution
		Debug|Any CPU = Debug|Any CPU
		Release|Any CPU = Release|Any CPU
	EndGlobalSection
	GlobalSection(ProjectConfigurationPlatforms) = postSolution
		{040A6A76-F4CD-467C-947E-99D8EDD21ECF}.Debug|Any CPU.ActiveCfg = Debug|Any CPU
		{040A6A76-F4CD-467C-947E-99D8EDD21ECF}.Debug|Any CPU.Build.0 = Debug|Any CPU
		{040A6A76-F4CD-467C-947E-99D8EDD21ECF}.Release|Any CPU.ActiveCfg = Release|Any CPU
		{040A6A76-F4CD-467C-947E-99D8EDD21ECF}.Release|Any CPU.Build.0 = Release|Any CPU
	EndGlobalSection
	GlobalSection(SolutionProperties) = preSolution
		HideSolutionNode = FALSE
	EndGlobalSection
	GlobalSection(ExtensibilityGlobals) = postSolution
		SolutionGuid = {738A68A9-9517-4853-A4EB-5E81A6055637}
	EndGlobalSection
EndGlobal
